{
  "requires": true,
  "lockfileVersion": 1,
  "dependencies": {
    "@babel/runtime": {
      "version": "7.17.8",
      "resolved": "https://registry.npmjs.org/@babel/runtime/-/runtime-7.17.8.tgz",
      "integrity": "sha512-dQpEpK0O9o6lj6oPu0gRDbbnk+4LeHlNcBpspf6Olzt3GIX4P1lWF1gS+pHLDFlaJvbR6q7jCfQ08zA4QJBnmA==",
      "requires": {
        "regenerator-runtime": "^0.13.4"
      }
    },
    "@react-spring/animated": {
      "version": "9.4.4",
      "resolved": "https://registry.npmjs.org/@react-spring/animated/-/animated-9.4.4.tgz",
      "integrity": "sha512-e9xnuBaUTD+NolKikUmrGWjX8AVCPyj1GcEgjgq9E+0sXKv46UY7cm2EmB6mUDTxWIDVKebARY++xT4nGDraBQ==",
      "requires": {
        "@react-spring/shared": "~9.4.4",
        "@react-spring/types": "~9.4.4"
      }
    },
    "@react-spring/core": {
      "version": "9.4.4",
      "resolved": "https://registry.npmjs.org/@react-spring/core/-/core-9.4.4.tgz",
      "integrity": "sha512-llgb0ljFyjMB0JhWsaFHOi9XFT8n1jBMVs1IFY2ipIBerWIRWrgUmIpakLPHTa4c4jwqTaDSwX90s2a0iN7dxQ==",
      "requires": {
        "@react-spring/animated": "~9.4.4",
        "@react-spring/rafz": "~9.4.4",
        "@react-spring/shared": "~9.4.4",
        "@react-spring/types": "~9.4.4"
      }
    },
    "@react-spring/konva": {
      "version": "9.4.4",
      "resolved": "https://registry.npmjs.org/@react-spring/konva/-/konva-9.4.4.tgz",
      "integrity": "sha512-ZHwsf4l/W5YzK8TwlvGXL9SYiHxxC6iEOAKStRs8WV6VuBvTFgIoGK5RNOTbsRC2N/spNWnN6JViz1PNbgrB+A==",
      "requires": {
        "@react-spring/animated": "~9.4.4",
        "@react-spring/core": "~9.4.4",
        "@react-spring/shared": "~9.4.4",
        "@react-spring/types": "~9.4.4"
      }
    },
    "@react-spring/native": {
      "version": "9.4.4",
      "resolved": "https://registry.npmjs.org/@react-spring/native/-/native-9.4.4.tgz",
      "integrity": "sha512-p0/JI59JVkgVjnoLvu+cpEgEkE0B3RDvzT1oNaCAx0ePaGQo4ICAS8PyOgPvN5IHUOy59CBLSMNnFyHV+IgaGQ==",
      "requires": {
        "@react-spring/animated": "~9.4.4",
        "@react-spring/core": "~9.4.4",
        "@react-spring/shared": "~9.4.4",
        "@react-spring/types": "~9.4.4"
      }
    },
    "@react-spring/rafz": {
      "version": "9.4.4",
      "resolved": "https://registry.npmjs.org/@react-spring/rafz/-/rafz-9.4.4.tgz",
      "integrity": "sha512-5ki/sQ06Mdf8AuFstSt5zbNNicRT4LZogiJttDAww1ozhuvemafNWEHxhzcULgCPCDu2s7HsroaISV7+GQWrhw=="
    },
    "@react-spring/shared": {
      "version": "9.4.4",
      "resolved": "https://registry.npmjs.org/@react-spring/shared/-/shared-9.4.4.tgz",
      "integrity": "sha512-ySVgScDZlhm/+Iy2smY9i/DDrShArY0j6zjTS/Re1lasKnhq8qigoGiAxe8xMPJNlCaj3uczCqHy3TY9bKRtfQ==",
      "requires": {
        "@react-spring/rafz": "~9.4.4",
        "@react-spring/types": "~9.4.4"
      }
    },
    "@react-spring/three": {
      "version": "9.4.4",
      "resolved": "https://registry.npmjs.org/@react-spring/three/-/three-9.4.4.tgz",
      "integrity": "sha512-z77ohxg8zG0CcZJojzfoJTTrjSbIyefNz2RlId68/4IypnOs1p8kB2Q1p+wX4KyWORpLg8ivsPcjtwBjGwfDtg==",
      "requires": {
        "@react-spring/animated": "~9.4.4",
        "@react-spring/core": "~9.4.4",
        "@react-spring/shared": "~9.4.4",
        "@react-spring/types": "~9.4.4"
      }
    },
    "@react-spring/types": {
      "version": "9.4.4",
      "resolved": "https://registry.npmjs.org/@react-spring/types/-/types-9.4.4.tgz",
      "integrity": "sha512-KpxKt/D//q/t/6FBcde/RE36LKp8PpWu7kFEMLwpzMGl9RpcexunmYOQJWwmJWtkQjgE1YRr7DzBMryz6La1cQ=="
    },
    "@react-spring/web": {
      "version": "9.4.4",
      "resolved": "https://registry.npmjs.org/@react-spring/web/-/web-9.4.4.tgz",
      "integrity": "sha512-iJmOLdhcuizriUlu/xqBc5y8KaFts+UI+iC+GxyTwBtzxA9czKiSAZW2ESuhG8stafa3jncwjfTQQp84KN36cw==",
      "requires": {
        "@react-spring/animated": "~9.4.4",
        "@react-spring/core": "~9.4.4",
        "@react-spring/shared": "~9.4.4",
        "@react-spring/types": "~9.4.4"
      }
    },
    "@react-spring/zdog": {
      "version": "9.4.4",
      "resolved": "https://registry.npmjs.org/@react-spring/zdog/-/zdog-9.4.4.tgz",
      "integrity": "sha512-qmD8zRcodbQKTAFVMdgW2pYIZP1KttDnz2S2JEc7kx8I8F5ljn9czgRl5c4w9HJ0dpO8VTfPq4sKa4tlUL23yg==",
      "requires": {
        "@react-spring/animated": "~9.4.4",
        "@react-spring/core": "~9.4.4",
        "@react-spring/shared": "~9.4.4",
        "@react-spring/types": "~9.4.4"
      }
    },
    "@react-three/fiber": {
      "version": "7.0.26",
      "resolved": "https://registry.npmjs.org/@react-three/fiber/-/fiber-7.0.26.tgz",
      "integrity": "sha512-46NBais4fQIGcMGLBbOf84lp8y/cg73jOEVmAQQJqWX6iOVeNg29jYd15LBuCW2qPD1qDRU0rOfLbMDgwr/vxQ==",
      "requires": {
        "@babel/runtime": "^7.13.10",
        "react-merge-refs": "^1.1.0",
        "react-reconciler": "^0.26.2",
        "react-three-fiber": "0.0.0-deprecated",
        "react-use-measure": "^2.1.1",
        "resize-observer-polyfill": "^1.5.1",
        "scheduler": "^0.20.2",
        "use-asset": "^1.0.4",
        "utility-types": "^3.10.0",
        "zustand": "^3.5.1"
      },
      "dependencies": {
        "react-three-fiber": {
          "version": "0.0.0-deprecated",
          "resolved": "https://registry.npmjs.org/react-three-fiber/-/react-three-fiber-0.0.0-deprecated.tgz",
          "integrity": "sha512-EblIqTAsIpkYeM8bZtC4lcpTE0A2zCEGipFB52RgcQq/q+0oryrk7Sxt+sqhIjUu6xMNEVywV8dr74lz5yWO6A=="
        }
      }
    },
    "anymatch": {
      "version": "3.1.2",
      "resolved": "https://registry.npmjs.org/anymatch/-/anymatch-3.1.2.tgz",
      "integrity": "sha512-P43ePfOAIupkguHUycrc4qJ9kz8ZiuOUijaETwX7THt0Y/GNK7v0aa8rY816xWjZ7rJdA5XdMcpVFTKMq+RvWg==",
      "requires": {
        "normalize-path": "^3.0.0",
        "picomatch": "^2.0.4"
      }
    },
    "binary-extensions": {
      "version": "2.2.0",
      "resolved": "https://registry.npmjs.org/binary-extensions/-/binary-extensions-2.2.0.tgz",
      "integrity": "sha512-jDctJ/IVQbZoJykoeHbhXpOlNBqGNcwXJKJog42E5HDPUwQTSdjCHdihjj0DlnheQ7blbT6dHOafNAiS8ooQKA=="
    },
    "braces": {
      "version": "3.0.2",
      "resolved": "https://registry.npmjs.org/braces/-/braces-3.0.2.tgz",
      "integrity": "sha512-b8um+L1RzM3WDSzvhm6gIz1yfTbBt6YTlcEKAvsmqCZZFw46z626lVj9j1yEPW33H5H+lBQpZMP1k8l+78Ha0A==",
      "requires": {
        "fill-range": "^7.0.1"
      }
    },
    "chokidar": {
      "version": "3.5.3",
      "resolved": "https://registry.npmjs.org/chokidar/-/chokidar-3.5.3.tgz",
      "integrity": "sha512-Dr3sfKRP6oTcjf2JmUmFJfeVMvXBdegxB0iVQ5eb2V10uFJUCAS8OByZdVAyVb8xXNz3GjjTgj9kLWsZTqE6kw==",
      "requires": {
        "anymatch": "~3.1.2",
        "braces": "~3.0.2",
        "fsevents": "~2.3.2",
        "glob-parent": "~5.1.2",
        "is-binary-path": "~2.1.0",
        "is-glob": "~4.0.1",
        "normalize-path": "~3.0.0",
        "readdirp": "~3.6.0"
      }
    },
    "debounce": {
      "version": "1.2.1",
      "resolved": "https://registry.npmjs.org/debounce/-/debounce-1.2.1.tgz",
      "integrity": "sha512-XRRe6Glud4rd/ZGQfiV1ruXSfbvfJedlV9Y6zOlP+2K04vBYiJEte6stfFkCP03aMnY5tsipamumUjL14fofug=="
    },
    "detect-gpu": {
      "version": "3.1.30",
      "resolved": "https://registry.npmjs.org/detect-gpu/-/detect-gpu-3.1.30.tgz",
      "integrity": "sha512-WUOk8imHH56AWVt6iHry69qbNEFsPjtS6qsinurfxeI3bVYQZzFk8zECTaodLxfeRad7QspDjjkJWkp5vBo8WA==",
      "requires": {
        "webgl-constants": "^1.1.1"
      }
    },
    "drei": {
      "version": "2.2.21",
      "resolved": "https://registry.npmjs.org/drei/-/drei-2.2.21.tgz",
      "integrity": "sha512-ue0fmH0VfyYUeHyyEggSsIvYQrSY3mUdW4MDiTxn69hQ08S52Z1bAHsBsE7o7TQD8cBQu+oGCRGXf7HBOUYgng==",
      "requires": {
        "@babel/runtime": "^7.11.2",
        "@react-spring/web": "^9.0.0-rc.3",
        "detect-gpu": "^3.0.0",
        "glsl-noise": "^0.0.0",
        "lodash.omit": "^4.5.0",
        "lodash.pick": "^4.4.0",
        "react-merge-refs": "^1.0.0",
        "stats.js": "^0.17.0",
        "troika-three-text": "^0.34.2",
        "utility-types": "^3.10.0",
        "zustand": "^3.0.3"
      }
    },
    "fast-deep-equal": {
      "version": "3.1.3",
      "resolved": "https://registry.npmjs.org/fast-deep-equal/-/fast-deep-equal-3.1.3.tgz",
      "integrity": "sha512-f3qQ9oQy9j2AhBe/H9VC91wLmKBCCU/gDOnKNAYG5hswO7BLKj09Hc5HYNz9cGI++xlpDCIgDaitVs03ATR84Q=="
    },
    "fill-range": {
      "version": "7.0.1",
      "resolved": "https://registry.npmjs.org/fill-range/-/fill-range-7.0.1.tgz",
      "integrity": "sha512-qOo9F+dMUmC2Lcb4BbVvnKJxTPjCm+RRpe4gDuGrzkL7mEVl/djYSu2OdQ2Pa302N4oqkSg9ir6jaLWJ2USVpQ==",
      "requires": {
        "to-regex-range": "^5.0.1"
      }
    },
    "fsevents": {
      "version": "2.3.2",
      "resolved": "https://registry.npmjs.org/fsevents/-/fsevents-2.3.2.tgz",
      "integrity": "sha512-xiqMQR4xAeHTuB9uWm+fFRcIOgKBMiOBP+eXiyT7jsgVCq1bkVygt00oASowB7EdtpOHaaPgKt812P9ab+DDKA==",
      "optional": true
    },
    "glob-parent": {
      "version": "5.1.2",
      "resolved": "https://registry.npmjs.org/glob-parent/-/glob-parent-5.1.2.tgz",
      "integrity": "sha512-AOIgSQCepiJYwP3ARnGx+5VnTu2HBYdzbGP45eLw1vr3zB3vZLeyed1sC9hnbcOc9/SrMyM5RPQrkGz4aS9Zow==",
      "requires": {
        "is-glob": "^4.0.1"
      }
    },
    "glsl-noise": {
      "version": "0.0.0",
      "resolved": "https://registry.npmjs.org/glsl-noise/-/glsl-noise-0.0.0.tgz",
      "integrity": "sha1-NndF86MzgsDu7Ey1S36Zz8HXZws="
    },
    "immutable": {
      "version": "4.0.0",
      "resolved": "https://registry.npmjs.org/immutable/-/immutable-4.0.0.tgz",
      "integrity": "sha512-zIE9hX70qew5qTUjSS7wi1iwj/l7+m54KWU247nhM3v806UdGj1yDndXj+IOYxxtW9zyLI+xqFNZjTuDaLUqFw=="
    },
    "is-binary-path": {
      "version": "2.1.0",
      "resolved": "https://registry.npmjs.org/is-binary-path/-/is-binary-path-2.1.0.tgz",
      "integrity": "sha512-ZMERYes6pDydyuGidse7OsHxtbI7WVeUEozgR/g7rd0xUimYNlvZRE/K2MgZTjWy725IfelLeVcEM97mmtRGXw==",
      "requires": {
        "binary-extensions": "^2.0.0"
      }
    },
    "is-extglob": {
      "version": "2.1.1",
      "resolved": "https://registry.npmjs.org/is-extglob/-/is-extglob-2.1.1.tgz",
      "integrity": "sha1-qIwCU1eR8C7TfHahueqXc8gz+MI="
    },
    "is-glob": {
      "version": "4.0.3",
      "resolved": "https://registry.npmjs.org/is-glob/-/is-glob-4.0.3.tgz",
      "integrity": "sha512-xelSayHH36ZgE7ZWhli7pW34hNbNl8Ojv5KVmkJD4hBdD3th8Tfk9vYasLM+mXWOZhFkgZfxhLSnrwRr4elSSg==",
      "requires": {
        "is-extglob": "^2.1.1"
      }
    },
    "is-number": {
      "version": "7.0.0",
      "resolved": "https://registry.npmjs.org/is-number/-/is-number-7.0.0.tgz",
      "integrity": "sha512-41Cifkg6e8TylSpdtTpeLVMqvSBEVzTttHvERD741+pnZ8ANv0004MRL43QKPDlK9cGvNp6NZWZUBlbGXYxxng=="
    },
    "js-tokens": {
      "version": "4.0.0",
      "resolved": "https://registry.npmjs.org/js-tokens/-/js-tokens-4.0.0.tgz",
      "integrity": "sha512-RdJUflcE3cUzKiMqQgsCu06FPu9UdIJO0beYbPhHN4k6apgJtifcoCtT9bcxOpYBtpD2kCM6Sbzg4CausW/PKQ=="
    },
    "lodash.omit": {
      "version": "4.5.0",
      "resolved": "https://registry.npmjs.org/lodash.omit/-/lodash.omit-4.5.0.tgz",
      "integrity": "sha1-brGa5aHuHdnfC5aeZs4Lf6MLXmA="
    },
    "lodash.pick": {
      "version": "4.4.0",
      "resolved": "https://registry.npmjs.org/lodash.pick/-/lodash.pick-4.4.0.tgz",
      "integrity": "sha1-UvBWEP/53tQiYRRB7R/BI6AwAbM="
    },
    "loose-envify": {
      "version": "1.4.0",
      "resolved": "https://registry.npmjs.org/loose-envify/-/loose-envify-1.4.0.tgz",
      "integrity": "sha512-lyuxPGr/Wfhrlem2CL/UcnUc1zcqKAImBDzukY7Y5F/yQiNdko6+fRLevlw1HgMySw7f611UIY408EtxRSoK3Q==",
      "requires": {
        "js-tokens": "^3.0.0 || ^4.0.0"
      }
    },
    "normalize-path": {
      "version": "3.0.0",
      "resolved": "https://registry.npmjs.org/normalize-path/-/normalize-path-3.0.0.tgz",
      "integrity": "sha512-6eZs5Ls3WtCisHWp9S2GUy8dqkpGi4BVSz3GaqiE6ezub0512ESztXUwUB6C6IKbQkY2Pnb/mD4WYojCRwcwLA=="
    },
    "object-assign": {
      "version": "4.1.1",
      "resolved": "https://registry.npmjs.org/object-assign/-/object-assign-4.1.1.tgz",
      "integrity": "sha1-IQmtx5ZYh8/AXLvUQsrIv7s2CGM="
    },
    "picomatch": {
      "version": "2.3.1",
      "resolved": "https://registry.npmjs.org/picomatch/-/picomatch-2.3.1.tgz",
      "integrity": "sha512-JU3teHTNjmE2VCGFzuY8EXzCDVwEqB2a8fsIvwaStHhAWJEeVd1o1QD80CU6+ZdEXXSLbSsuLwJjkCBWqRQUVA=="
    },
    "react-merge-refs": {
      "version": "1.1.0",
      "resolved": "https://registry.npmjs.org/react-merge-refs/-/react-merge-refs-1.1.0.tgz",
      "integrity": "sha512-alTKsjEL0dKH/ru1Iyn7vliS2QRcBp9zZPGoWxUOvRGWPUYgjo+V01is7p04It6KhgrzhJGnIj9GgX8W4bZoCQ=="
    },
    "react-reconciler": {
      "version": "0.26.2",
      "resolved": "https://registry.npmjs.org/react-reconciler/-/react-reconciler-0.26.2.tgz",
      "integrity": "sha512-nK6kgY28HwrMNwDnMui3dvm3rCFjZrcGiuwLc5COUipBK5hWHLOxMJhSnSomirqWwjPBJKV1QcbkI0VJr7Gl1Q==",
      "requires": {
        "loose-envify": "^1.1.0",
        "object-assign": "^4.1.1",
        "scheduler": "^0.20.2"
      }
    },
    "react-spring": {
      "version": "9.4.4",
      "resolved": "https://registry.npmjs.org/react-spring/-/react-spring-9.4.4.tgz",
      "integrity": "sha512-VOqilh9DJBsS6Pf550YLhdReS3j9a2AQVh7NcsNtWoxTYIeuErWi6ym0++6bBhQp4yT5xvVvUDaJ8ez8vrFgaw==",
      "requires": {
        "@react-spring/core": "~9.4.4",
        "@react-spring/konva": "~9.4.4",
        "@react-spring/native": "~9.4.4",
        "@react-spring/three": "~9.4.4",
        "@react-spring/web": "~9.4.4",
        "@react-spring/zdog": "~9.4.4"
      }
    },
    "react-three-fiber": {
      "version": "6.0.13",
      "resolved": "https://registry.npmjs.org/react-three-fiber/-/react-three-fiber-6.0.13.tgz",
      "integrity": "sha512-uShQnkMVLvnzwf3YzY9mnzCnpmLpvTQkc0ycrtwk8fyjXmZt2695tLn3tufPF6uxq06UKJRKJcjCVCMXyUcEPQ==",
      "requires": {
        "@react-three/fiber": "^7.0.26"
      }
    },
    "react-use-measure": {
      "version": "2.1.1",
      "resolved": "https://registry.npmjs.org/react-use-measure/-/react-use-measure-2.1.1.tgz",
      "integrity": "sha512-nocZhN26cproIiIduswYpV5y5lQpSQS1y/4KuvUCjSKmw7ZWIS/+g3aFnX3WdBkyuGUtTLif3UTqnLLhbDoQig==",
      "requires": {
        "debounce": "^1.2.1"
      }
    },
    "readdirp": {
      "version": "3.6.0",
      "resolved": "https://registry.npmjs.org/readdirp/-/readdirp-3.6.0.tgz",
      "integrity": "sha512-hOS089on8RduqdbhvQ5Z37A0ESjsqz6qnRcffsMU3495FuTdqSm+7bhJ29JvIOsBDEEnan5DPu9t3To9VRlMzA==",
      "requires": {
        "picomatch": "^2.2.1"
      }
    },
    "regenerator-runtime": {
      "version": "0.13.9",
      "resolved": "https://registry.npmjs.org/regenerator-runtime/-/regenerator-runtime-0.13.9.tgz",
      "integrity": "sha512-p3VT+cOEgxFsRRA9X4lkI1E+k2/CtnKtU4gcxyaCUreilL/vqI6CdZ3wxVUx3UOUg+gnUOQQcRI7BmSI656MYA=="
    },
    "resize-observer-polyfill": {
      "version": "1.5.1",
      "resolved": "https://registry.npmjs.org/resize-observer-polyfill/-/resize-observer-polyfill-1.5.1.tgz",
      "integrity": "sha512-LwZrotdHOo12nQuZlHEmtuXdqGoOD0OhaxopaNFxWzInpEgaLWoVuAMbTzixuosCx2nEG58ngzW3vxdWoxIgdg=="
    },
    "sass": {
      "version": "1.49.9",
      "resolved": "https://registry.npmjs.org/sass/-/sass-1.49.9.tgz",
      "integrity": "sha512-YlYWkkHP9fbwaFRZQRXgDi3mXZShslVmmo+FVK3kHLUELHHEYrCmL1x6IUjC7wLS6VuJSAFXRQS/DxdsC4xL1A==",
      "requires": {
        "chokidar": ">=3.0.0 <4.0.0",
        "immutable": "^4.0.0",
        "source-map-js": ">=0.6.2 <2.0.0"
      }
    },
    "scheduler": {
      "version": "0.20.2",
      "resolved": "https://registry.npmjs.org/scheduler/-/scheduler-0.20.2.tgz",
      "integrity": "sha512-2eWfGgAqqWFGqtdMmcL5zCMK1U8KlXv8SQFGglL3CEtd0aDVDWgeF/YoCmvln55m5zSk3J/20hTaSBeSObsQDQ==",
      "requires": {
        "loose-envify": "^1.1.0",
        "object-assign": "^4.1.1"
      }
    },
    "source-map-js": {
      "version": "1.0.2",
      "resolved": "https://registry.npmjs.org/source-map-js/-/source-map-js-1.0.2.tgz",
      "integrity": "sha512-R0XvVJ9WusLiqTCEiGCmICCMplcCkIwwR11mOSD9CR5u+IXYdiseeEuXCVAjS54zqwkLcPNnmU4OeJ6tUrWhDw=="
    },
    "stats.js": {
      "version": "0.17.0",
      "resolved": "https://registry.npmjs.org/stats.js/-/stats.js-0.17.0.tgz",
      "integrity": "sha1-scPcRtlEmLV4t/05hbgaznExzH0="
    },
    "three": {
      "version": "0.138.3",
      "resolved": "https://registry.npmjs.org/three/-/three-0.138.3.tgz",
      "integrity": "sha512-4t1cKC8gimNyJChJbaklg8W/qj3PpsLJUIFm5LIuAy/hVxxNm1ru2FGTSfbTSsuHmC/7ipsyuGKqrSAKLNtkzg=="
    },
    "to-regex-range": {
      "version": "5.0.1",
      "resolved": "https://registry.npmjs.org/to-regex-range/-/to-regex-range-5.0.1.tgz",
      "integrity": "sha512-65P7iz6X5yEr1cwcgvQxbbIw7Uk3gOy5dIdtZ4rDveLqhrdJP+Li/Hx6tyK0NEb+2GCyneCMJiGqrADCSNk8sQ==",
      "requires": {
        "is-number": "^7.0.0"
      }
    },
    "troika-three-text": {
      "version": "0.34.2",
      "resolved": "https://registry.npmjs.org/troika-three-text/-/troika-three-text-0.34.2.tgz",
      "integrity": "sha512-2YNZjI1TJXDrSz3JvQEW4GXJ6/Zlca+On0rbPyqGvcKYZTXzHkUd7a/wBIBicP9Ca/W+V0E+BVLvsoZEXjqTfg==",
      "requires": {
        "troika-three-utils": "^0.34.0",
        "troika-worker-utils": "^0.34.1"
      }
    },
    "troika-three-utils": {
      "version": "0.34.0",
      "resolved": "https://registry.npmjs.org/troika-three-utils/-/troika-three-utils-0.34.0.tgz",
      "integrity": "sha512-6Dm6FzGFpuiehjKkm3wAV3e+SPnHQ+GxwXnHFToKLcQ1/gVDOIL69BWCosrlEUb0SUOQjQv6sd5QpNT6IIewpQ=="
    },
    "troika-worker-utils": {
      "version": "0.34.1",
      "resolved": "https://registry.npmjs.org/troika-worker-utils/-/troika-worker-utils-0.34.1.tgz",
      "integrity": "sha512-zLTSB6ISd/dpBMG6PFR2v7sqU2bqVwOUd45iWzcgcRE9+w/5YJN8h0+H5EmgRPIVe5xus0UZQKUgVH6FRA+YdQ=="
    },
    "use-asset": {
      "version": "1.0.4",
      "resolved": "https://registry.npmjs.org/use-asset/-/use-asset-1.0.4.tgz",
      "integrity": "sha512-7/hqDrWa0iMnCoET9W1T07EmD4Eg/Wmoj/X8TGBc++ECRK4m5yTsjP4O6s0yagbxfqIOuUkIxe2/sA+VR2GxZA==",
      "requires": {
        "fast-deep-equal": "^3.1.3"
      }
    },
    "utility-types": {
      "version": "3.10.0",
      "resolved": "https://registry.npmjs.org/utility-types/-/utility-types-3.10.0.tgz",
      "integrity": "sha512-O11mqxmi7wMKCo6HKFt5AhO4BwY3VV68YU07tgxfz8zJTIxr4BpsezN49Ffwy9j3ZpwwJp4fkRwjRzq3uWE6Rg=="
    },
    "webgl-constants": {
      "version": "1.1.1",
      "resolved": "https://registry.npmjs.org/webgl-constants/-/webgl-constants-1.1.1.tgz",
      "integrity": "sha512-LkBXKjU5r9vAW7Gcu3T5u+5cvSvh5WwINdr0C+9jpzVB41cjQAP5ePArDtk/WHYdVj0GefCgM73BA7FlIiNtdg=="
    },
    "zustand": {
      "version": "3.7.1",
      "resolved": "https://registry.npmjs.org/zustand/-/zustand-3.7.1.tgz",
      "integrity": "sha512-wHBCZlKj+bg03/hP+Tzv24YhnqqP8MCeN9ECPDXoF01062SIbnfl3j9O0znkDw1lNTY0a8WN3F///a0UhhaEqg=="
    }
  }
}
